
Microsoft Visual Studio Solution File, Format Version 12.00
# Visual Studio 15
VisualStudioVersion = 15.0.27703.2047
MinimumVisualStudioVersion = 10.0.40219.1
Project("{FAE04EC0-301F-11D3-BF4B-00C04F79EFBC}") = "Eva-komi", "Eva-komi\Eva-komi.csproj", "{0F44AAFC-9CD8-4A50-B1A0-3B288A452339}"
EndProject
Global
	GlobalSection(SolutionConfigurationPlatforms) = preSolution
		Debug|Any CPU = Debug|Any CPU
		Release|Any CPU = Release|Any CPU
	EndGlobalSection
	GlobalSection(ProjectConfigurationPlatforms) = postSolution
		{0F44AAFC-9CD8-4A50-B1A0-3B288A452339}.Debug|Any CPU.ActiveCfg = Debug|Any CPU
		{0F44AAFC-9CD8-4A50-B1A0-3B288A452339}.Debug|Any CPU.Build.0 = Debug|Any CPU
		{0F44AAFC-9CD8-4A50-B1A0-3B288A452339}.Release|Any CPU.ActiveCfg = Release|Any CPU
		{0F44AAFC-9CD8-4A50-B1A0-3B288A452339}.Release|Any CPU.Build.0 = Release|Any CPU
	EndGlobalSection
	GlobalSection(SolutionProperties) = preSolution
		HideSolutionNode = FALSE
	EndGlobalSection
	GlobalSection(ExtensibilityGlobals) = postSolution
		SolutionGuid = {75858C31-9512-4A8D-BEA3-049EF2A49C32}
	EndGlobalSection
EndGlobal
